
Microsoft Visual Studio Solution File, Format Version 12.00
# Visual Studio Version 17
VisualStudioVersion = 17.11.35312.102
MinimumVisualStudioVersion = 10.0.40219.1
Project("{9A19103F-16F7-4668-BE54-9A1E7A4F7556}") = "ConstructorApp", "ConstructorApp\ConstructorApp.csproj", "{D37C91D0-DE96-4647-9178-F73B7FE5EE56}"
EndProject
Project("{9A19103F-16F7-4668-BE54-9A1E7A4F7556}") = "inherientApp", "inherientApp\inherientApp.csproj", "{760C0EDB-CA73-4AA6-96D9-2CAF08683437}"
EndProject
Project("{9A19103F-16F7-4668-BE54-9A1E7A4F7556}") = "HasARelationShip", "HasARelationShip\HasARelationShip.csproj", "{5193F543-6178-4DDC-9D08-BAD4E707FF62}"
EndProject
Project("{9A19103F-16F7-4668-BE54-9A1E7A4F7556}") = "Hasarelationshipapp2", "Hasarelationshipapp2\Hasarelationshipapp2.csproj", "{BB5FB9CE-CBA9-4442-94C5-D06D7818E59C}"
EndProject
Project("{9A19103F-16F7-4668-BE54-9A1E7A4F7556}") = "EncapsulationApp", "EncapsulationApp\EncapsulationApp.csproj", "{2FD07AB3-0025-42E5-9CFA-630AC3C0B828}"
EndProject
Project("{9A19103F-16F7-4668-BE54-9A1E7A4F7556}") = "MethodOverloadingApp", "MethodOverloadingApp\MethodOverloadingApp.csproj", "{45AE18A3-CF4C-4B87-B360-A23997B4BA42}"
EndProject
Project("{9A19103F-16F7-4668-BE54-9A1E7A4F7556}") = "OperatoroverLoadingApp", "OperatoroverLoadingApp\OperatoroverLoadingApp.csproj", "{D39437D2-E5A2-48D4-82BA-B30BE5DA7A3D}"
EndProject
Project("{FAE04EC0-301F-11D3-BF4B-00C04F79EFBC}") = "MethodOverridingApp", "MethodOverridingApp\MethodOverridingApp.csproj", "{AE1A03FA-10E8-418D-9A16-233F2AC00170}"
EndProject
Project("{FAE04EC0-301F-11D3-BF4B-00C04F79EFBC}") = "AbstractApp", "AbstractApp\AbstractApp.csproj", "{61D4CD7B-42BB-4F2C-90B3-3E29CAEBC32E}"
EndProject
Project("{FAE04EC0-301F-11D3-BF4B-00C04F79EFBC}") = "InterfaceApp", "InterfaceApp\InterfaceApp.csproj", "{AB6D22A3-C192-4462-A634-8E44E9BBAAFB}"
EndProject
Project("{FAE04EC0-301F-11D3-BF4B-00C04F79EFBC}") = "TestStatic", "TestStatic\TestStatic.csproj", "{77030E4A-AD6A-4497-B408-B19824CC9E49}"
EndProject
Global
	GlobalSection(SolutionConfigurationPlatforms) = preSolution
		Debug|Any CPU = Debug|Any CPU
		Release|Any CPU = Release|Any CPU
	EndGlobalSection
	GlobalSection(ProjectConfigurationPlatforms) = postSolution
		{D37C91D0-DE96-4647-9178-F73B7FE5EE56}.Debug|Any CPU.ActiveCfg = Debug|Any CPU
		{D37C91D0-DE96-4647-9178-F73B7FE5EE56}.Debug|Any CPU.Build.0 = Debug|Any CPU
		{D37C91D0-DE96-4647-9178-F73B7FE5EE56}.Release|Any CPU.ActiveCfg = Release|Any CPU
		{D37C91D0-DE96-4647-9178-F73B7FE5EE56}.Release|Any CPU.Build.0 = Release|Any CPU
		{760C0EDB-CA73-4AA6-96D9-2CAF08683437}.Debug|Any CPU.ActiveCfg = Debug|Any CPU
		{760C0EDB-CA73-4AA6-96D9-2CAF08683437}.Debug|Any CPU.Build.0 = Debug|Any CPU
		{760C0EDB-CA73-4AA6-96D9-2CAF08683437}.Release|Any CPU.ActiveCfg = Release|Any CPU
		{760C0EDB-CA73-4AA6-96D9-2CAF08683437}.Release|Any CPU.Build.0 = Release|Any CPU
		{5193F543-6178-4DDC-9D08-BAD4E707FF62}.Debug|Any CPU.ActiveCfg = Debug|Any CPU
		{5193F543-6178-4DDC-9D08-BAD4E707FF62}.Debug|Any CPU.Build.0 = Debug|Any CPU
		{5193F543-6178-4DDC-9D08-BAD4E707FF62}.Release|Any CPU.ActiveCfg = Release|Any CPU
		{5193F543-6178-4DDC-9D08-BAD4E707FF62}.Release|Any CPU.Build.0 = Release|Any CPU
		{BB5FB9CE-CBA9-4442-94C5-D06D7818E59C}.Debug|Any CPU.ActiveCfg = Debug|Any CPU
		{BB5FB9CE-CBA9-4442-94C5-D06D7818E59C}.Debug|Any CPU.Build.0 = Debug|Any CPU
		{BB5FB9CE-CBA9-4442-94C5-D06D7818E59C}.Release|Any CPU.ActiveCfg = Release|Any CPU
		{BB5FB9CE-CBA9-4442-94C5-D06D7818E59C}.Release|Any CPU.Build.0 = Release|Any CPU
		{2FD07AB3-0025-42E5-9CFA-630AC3C0B828}.Debug|Any CPU.ActiveCfg = Debug|Any CPU
		{2FD07AB3-0025-42E5-9CFA-630AC3C0B828}.Debug|Any CPU.Build.0 = Debug|Any CPU
		{2FD07AB3-0025-42E5-9CFA-630AC3C0B828}.Release|Any CPU.ActiveCfg = Release|Any CPU
		{2FD07AB3-0025-42E5-9CFA-630AC3C0B828}.Release|Any CPU.Build.0 = Release|Any CPU
		{45AE18A3-CF4C-4B87-B360-A23997B4BA42}.Debug|Any CPU.ActiveCfg = Debug|Any CPU
		{45AE18A3-CF4C-4B87-B360-A23997B4BA42}.Debug|Any CPU.Build.0 = Debug|Any CPU
		{45AE18A3-CF4C-4B87-B360-A23997B4BA42}.Release|Any CPU.ActiveCfg = Release|Any CPU
		{45AE18A3-CF4C-4B87-B360-A23997B4BA42}.Release|Any CPU.Build.0 = Release|Any CPU
		{D39437D2-E5A2-48D4-82BA-B30BE5DA7A3D}.Debug|Any CPU.ActiveCfg = Debug|Any CPU
		{D39437D2-E5A2-48D4-82BA-B30BE5DA7A3D}.Debug|Any CPU.Build.0 = Debug|Any CPU
		{D39437D2-E5A2-48D4-82BA-B30BE5DA7A3D}.Release|Any CPU.ActiveCfg = Release|Any CPU
		{D39437D2-E5A2-48D4-82BA-B30BE5DA7A3D}.Release|Any CPU.Build.0 = Release|Any CPU
		{AE1A03FA-10E8-418D-9A16-233F2AC00170}.Debug|Any CPU.ActiveCfg = Debug|Any CPU
		{AE1A03FA-10E8-418D-9A16-233F2AC00170}.Debug|Any CPU.Build.0 = Debug|Any CPU
		{AE1A03FA-10E8-418D-9A16-233F2AC00170}.Release|Any CPU.ActiveCfg = Release|Any CPU
		{AE1A03FA-10E8-418D-9A16-233F2AC00170}.Release|Any CPU.Build.0 = Release|Any CPU
		{61D4CD7B-42BB-4F2C-90B3-3E29CAEBC32E}.Debug|Any CPU.ActiveCfg = Debug|Any CPU
		{61D4CD7B-42BB-4F2C-90B3-3E29CAEBC32E}.Debug|Any CPU.Build.0 = Debug|Any CPU
		{61D4CD7B-42BB-4F2C-90B3-3E29CAEBC32E}.Release|Any CPU.ActiveCfg = Release|Any CPU
		{61D4CD7B-42BB-4F2C-90B3-3E29CAEBC32E}.Release|Any CPU.Build.0 = Release|Any CPU
		{AB6D22A3-C192-4462-A634-8E44E9BBAAFB}.Debug|Any CPU.ActiveCfg = Debug|Any CPU
		{AB6D22A3-C192-4462-A634-8E44E9BBAAFB}.Debug|Any CPU.Build.0 = Debug|Any CPU
		{AB6D22A3-C192-4462-A634-8E44E9BBAAFB}.Release|Any CPU.ActiveCfg = Release|Any CPU
		{AB6D22A3-C192-4462-A634-8E44E9BBAAFB}.Release|Any CPU.Build.0 = Release|Any CPU
		{77030E4A-AD6A-4497-B408-B19824CC9E49}.Debug|Any CPU.ActiveCfg = Debug|Any CPU
		{77030E4A-AD6A-4497-B408-B19824CC9E49}.Debug|Any CPU.Build.0 = Debug|Any CPU
		{77030E4A-AD6A-4497-B408-B19824CC9E49}.Release|Any CPU.ActiveCfg = Release|Any CPU
		{77030E4A-AD6A-4497-B408-B19824CC9E49}.Release|Any CPU.Build.0 = Release|Any CPU
	EndGlobalSection
	GlobalSection(SolutionProperties) = preSolution
		HideSolutionNode = FALSE
	EndGlobalSection
	GlobalSection(ExtensibilityGlobals) = postSolution
		SolutionGuid = {DBEB1805-84FB-47B6-B4FF-4E91D68E65AE}
	EndGlobalSection
EndGlobal
